
Microsoft Visual Studio Solution File, Format Version 12.00
# Visual Studio Version 17
VisualStudioVersion = 17.0.31903.59
MinimumVisualStudioVersion = 10.0.40219.1
Project("{2150E333-8FDC-42A3-9474-1A3956D46DE8}") = "Services", "Services", "{547F4136-628F-495D-8CE3-B2176DF8EA46}"
EndProject
Project("{FAE04EC0-301F-11D3-BF4B-00C04F79EFBC}") = "Mangoo.Services.CouponApi", "Services\Mangoo.Services.CouponApi\Mangoo.Services.CouponApi.csproj", "{8BDC5CB5-F012-40D8-A395-5D615E1DACB1}"
EndProject
Global
	GlobalSection(SolutionConfigurationPlatforms) = preSolution
		Debug|Any CPU = Debug|Any CPU
		Release|Any CPU = Release|Any CPU
	EndGlobalSection
	GlobalSection(SolutionProperties) = preSolution
		HideSolutionNode = FALSE
	EndGlobalSection
	GlobalSection(ProjectConfigurationPlatforms) = postSolution
		{8BDC5CB5-F012-40D8-A395-5D615E1DACB1}.Debug|Any CPU.ActiveCfg = Debug|Any CPU
		{8BDC5CB5-F012-40D8-A395-5D615E1DACB1}.Debug|Any CPU.Build.0 = Debug|Any CPU
		{8BDC5CB5-F012-40D8-A395-5D615E1DACB1}.Release|Any CPU.ActiveCfg = Release|Any CPU
		{8BDC5CB5-F012-40D8-A395-5D615E1DACB1}.Release|Any CPU.Build.0 = Release|Any CPU
	EndGlobalSection
	GlobalSection(NestedProjects) = preSolution
		{8BDC5CB5-F012-40D8-A395-5D615E1DACB1} = {547F4136-628F-495D-8CE3-B2176DF8EA46}
	EndGlobalSection
EndGlobal
